
Microsoft Visual Studio Solution File, Format Version 12.00
# Visual Studio Version 16
VisualStudioVersion = 16.0.31424.327
MinimumVisualStudioVersion = 10.0.40219.1
Project("{9A19103F-16F7-4668-BE54-9A1E7A4F7556}") = "StudentManagementSystem", "CourseManagement\StudentManagementSystem.csproj", "{FB607AFF-C0F4-4835-9A2C-9CE11875DE01}"
EndProject
Project("{FAE04EC0-301F-11D3-BF4B-00C04F79EFBC}") = "Controls", "Controls\Controls.csproj", "{0F4356FF-AFCC-4E72-B9C9-ED54AF3D632D}"
EndProject
Project("{2150E333-8FDC-42A3-9474-1A3956D46DE8}") = "Solution Items", "Solution Items", "{720349EE-B397-4134-9ACA-8796F7915ED8}"
	ProjectSection(SolutionItems) = preProject
		Version Information.txt = Version Information.txt
	EndProjectSection
EndProject
Global
	GlobalSection(SolutionConfigurationPlatforms) = preSolution
		Debug|Any CPU = Debug|Any CPU
		Release|Any CPU = Release|Any CPU
	EndGlobalSection
	GlobalSection(ProjectConfigurationPlatforms) = postSolution
		{FB607AFF-C0F4-4835-9A2C-9CE11875DE01}.Debug|Any CPU.ActiveCfg = Debug|Any CPU
		{FB607AFF-C0F4-4835-9A2C-9CE11875DE01}.Debug|Any CPU.Build.0 = Debug|Any CPU
		{FB607AFF-C0F4-4835-9A2C-9CE11875DE01}.Release|Any CPU.ActiveCfg = Release|Any CPU
		{FB607AFF-C0F4-4835-9A2C-9CE11875DE01}.Release|Any CPU.Build.0 = Release|Any CPU
		{0F4356FF-AFCC-4E72-B9C9-ED54AF3D632D}.Debug|Any CPU.ActiveCfg = Debug|Any CPU
		{0F4356FF-AFCC-4E72-B9C9-ED54AF3D632D}.Debug|Any CPU.Build.0 = Debug|Any CPU
		{0F4356FF-AFCC-4E72-B9C9-ED54AF3D632D}.Release|Any CPU.ActiveCfg = Release|Any CPU
		{0F4356FF-AFCC-4E72-B9C9-ED54AF3D632D}.Release|Any CPU.Build.0 = Release|Any CPU
	EndGlobalSection
	GlobalSection(SolutionProperties) = preSolution
		HideSolutionNode = FALSE
	EndGlobalSection
	GlobalSection(ExtensibilityGlobals) = postSolution
		SolutionGuid = {860D690F-8E11-4E9D-9DC8-5C02BAFF09DD}
	EndGlobalSection
EndGlobal
